<?xml version="1.0" encoding="utf-8"?>
<Project ToolsVersion="4.0" xmlns="http://schemas.microsoft.com/developer/msbuild/2003">
  <ItemGroup>
    <Filter Include="源文件">
      <UniqueIdentifier>{4FC737F1-C7A5-4376-A066-2A32D752A2FF}</UniqueIdentifier>
      <Extensions>cpp;c;cc;cxx;def;odl;idl;hpj;bat;asm;asmx</Extensions>
    </Filter>
    <Filter Include="头文件">
      <UniqueIdentifier>{93995380-89BD-4b04-88EB-625FBE52EBFB}</UniqueIdentifier>
      <Extensions>h;hh;hpp;hxx;hm;inl;inc;xsd</Extensions>
    </Filter>
    <Filter Include="资源文件">
      <UniqueIdentifier>{67DA6AB6-F800-4c08-8B7A-83BB121AAD01}</UniqueIdentifier>
      <Extensions>rc;ico;cur;bmp;dlg;rc2;rct;bin;rgs;gif;jpg;jpeg;jpe;resx;tiff;tif;png;wav;mfcribbon-ms</Extensions>
    </Filter>
    <Filter Include="CirclList">
      <UniqueIdentifier>{5a16391e-52a0-4da0-bca2-a85c76f729cb}</UniqueIdentifier>
    </Filter>
    <Filter Include="cjson">
      <UniqueIdentifier>{c23f48ee-d77e-40f4-98c9-39138aa03e00}</UniqueIdentifier>
    </Filter>
    <Filter Include="UDP_server">
      <UniqueIdentifier>{e3e551a6-9b70-4391-855d-032b3d5dd90a}</UniqueIdentifier>
    </Filter>
  </ItemGroup>
  <ItemGroup>
    <Text Include="ReadMe.txt" />
  </ItemGroup>
  <ItemGroup>
    <ClInclude Include="NFU_4G_PRO.h">
      <Filter>头文件</Filter>
    </ClInclude>
    <ClInclude Include="NFU_4G_PRODlg.h">
      <Filter>头文件</Filter>
    </ClInclude>
    <ClInclude Include="stdafx.h">
      <Filter>头文件</Filter>
    </ClInclude>
    <ClInclude Include="targetver.h">
      <Filter>头文件</Filter>
    </ClInclude>
    <ClInclude Include="Resource.h">
      <Filter>头文件</Filter>
    </ClInclude>
    <ClInclude Include="C_SingleCircuList.h">
      <Filter>CirclList</Filter>
    </ClInclude>
    <ClInclude Include="cJson\cJSON.h">
      <Filter>cjson</Filter>
    </ClInclude>
    <ClInclude Include="cJson\F_cjson.h">
      <Filter>cjson</Filter>
    </ClInclude>
    <ClInclude Include="UDP_Server.h">
      <Filter>UDP_server</Filter>
    </ClInclude>
  </ItemGroup>
  <ItemGroup>
    <ClCompile Include="NFU_4G_PRO.cpp">
      <Filter>源文件</Filter>
    </ClCompile>
    <ClCompile Include="NFU_4G_PRODlg.cpp">
      <Filter>源文件</Filter>
    </ClCompile>
    <ClCompile Include="stdafx.cpp">
      <Filter>源文件</Filter>
    </ClCompile>
    <ClCompile Include="C_SingleCircuList.cpp">
      <Filter>CirclList</Filter>
    </ClCompile>
    <ClCompile Include="cJson\cJSON.cpp">
      <Filter>cjson</Filter>
    </ClCompile>
    <ClCompile Include="cJson\F_cjson.cpp">
      <Filter>cjson</Filter>
    </ClCompile>
    <ClCompile Include="UDP_Server.cpp">
      <Filter>UDP_server</Filter>
    </ClCompile>
  </ItemGroup>
  <ItemGroup>
    <ResourceCompile Include="NFU_4G_PRO.rc">
      <Filter>资源文件</Filter>
    </ResourceCompile>
  </ItemGroup>
  <ItemGroup>
    <None Include="res\NFU_4G_PRO.rc2">
      <Filter>资源文件</Filter>
    </None>
  </ItemGroup>
  <ItemGroup>
    <Image Include="res\NFU_4G_PRO.ico">
      <Filter>资源文件</Filter>
    </Image>
  </ItemGroup>
</Project>